// !$*UTF8*$!
{
	archiveVersion = 1;
	classes = {
	};
	objectVersion = 46;
	objects = {

/* Begin PBXBuildFile section */
		3A9DD93F1DA8060600338143 /* AppDelegate.swift in Sources */ = {isa = PBXBuildFile; fileRef = 3A9DD93E1DA8060600338143 /* AppDelegate.swift */; };
		3A9DD9411DA8060600338143 /* ViewController.swift in Sources */ = {isa = PBXBuildFile; fileRef = 3A9DD9401DA8060600338143 /* ViewController.swift */; };
		3A9DD9441DA8060600338143 /* Main.storyboard in Resources */ = {isa = PBXBuildFile; fileRef = 3A9DD9421DA8060600338143 /* Main.storyboard */; };
		3A9DD9471DA8060600338143 /* Youth_Group_Manager.xcdatamodeld in Sources */ = {isa = PBXBuildFile; fileRef = 3A9DD9451DA8060600338143 /* Youth_Group_Manager.xcdatamodeld */; };
		3A9DD9491DA8060600338143 /* Assets.xcassets in Resources */ = {isa = PBXBuildFile; fileRef = 3A9DD9481DA8060600338143 /* Assets.xcassets */; };
		3A9DD94C1DA8060600338143 /* LaunchScreen.storyboard in Resources */ = {isa = PBXBuildFile; fileRef = 3A9DD94A1DA8060600338143 /* LaunchScreen.storyboard */; };
		3A9DD9571DA8060700338143 /* Youth_Group_ManagerTests.swift in Sources */ = {isa = PBXBuildFile; fileRef = 3A9DD9561DA8060700338143 /* Youth_Group_ManagerTests.swift */; };
		3A9DD9621DA8060700338143 /* Youth_Group_ManagerUITests.swift in Sources */ = {isa = PBXBuildFile; fileRef = 3A9DD9611DA8060700338143 /* Youth_Group_ManagerUITests.swift */; };
/* End PBXBuildFile section */

/* Begin PBXContainerItemProxy section */
		3A9DD9531DA8060700338143 /* PBXContainerItemProxy */ = {
			isa = PBXContainerItemProxy;
			containerPortal = 3A9DD9331DA8060600338143 /* Project object */;
			proxyType = 1;
			remoteGlobalIDString = 3A9DD93A1DA8060600338143;
			remoteInfo = "Youth Group Manager";
		};
		3A9DD95E1DA8060700338143 /* PBXContainerItemProxy */ = {
			isa = PBXContainerItemProxy;
			containerPortal = 3A9DD9331DA8060600338143 /* Project object */;
			proxyType = 1;
			remoteGlobalIDString = 3A9DD93A1DA8060600338143;
			remoteInfo = "Youth Group Manager";
		};
/* End PBXContainerItemProxy section */

/* Begin PBXFileReference section */
		3A9DD93B1DA8060600338143 /* Youth Group Manager.app */ = {isa = PBXFileReference; explicitFileType = wrapper.application; includeInIndex = 0; path = "Youth Group Manager.app"; sourceTree = BUILT_PRODUCTS_DIR; };
		3A9DD93E1DA8060600338143 /* AppDelegate.swift */ = {isa = PBXFileReference; lastKnownFileType = sourcecode.swift; path = AppDelegate.swift; sourceTree = "<group>"; };
		3A9DD9401DA8060600338143 /* ViewController.swift */ = {isa = PBXFileReference; lastKnownFileType = sourcecode.swift; path = ViewController.swift; sourceTree = "<group>"; };
		3A9DD9431DA8060600338143 /* Base */ = {isa = PBXFileReference; lastKnownFileType = file.storyboard; name = Base; path = Base.lproj/Main.storyboard; sourceTree = "<group>"; };
		3A9DD9461DA8060600338143 /* Youth_Group_Manager.xcdatamodel */ = {isa = PBXFileReference; lastKnownFileType = wrapper.xcdatamodel; path = Youth_Group_Manager.xcdatamodel; sourceTree = "<group>"; };
		3A9DD9481DA8060600338143 /* Assets.xcassets */ = {isa = PBXFileReference; lastKnownFileType = folder.assetcatalog; path = Assets.xcassets; sourceTree = "<group>"; };
		3A9DD94B1DA8060600338143 /* Base */ = {isa = PBXFileReference; lastKnownFileType = file.storyboard; name = Base; path = Base.lproj/LaunchScreen.storyboard; sourceTree = "<group>"; };
		3A9DD94D1DA8060600338143 /* Info.plist */ = {isa = PBXFileReference; lastKnownFileType = text.plist.xml; path = Info.plist; sourceTree = "<group>"; };
		3A9DD9521DA8060700338143 /* Youth Group ManagerTests.xctest */ = {isa = PBXFileReference; explicitFileType = wrapper.cfbundle; includeInIndex = 0; path = "Youth Group ManagerTests.xctest"; sourceTree = BUILT_PRODUCTS_DIR; };
		3A9DD9561DA8060700338143 /* Youth_Group_ManagerTests.swift */ = {isa = PBXFileReference; lastKnownFileType = sourcecode.swift; path = Youth_Group_ManagerTests.swift; sourceTree = "<group>"; };
		3A9DD9581DA8060700338143 /* Info.plist */ = {isa = PBXFileReference; lastKnownFileType = text.plist.xml; path = Info.plist; sourceTree = "<group>"; };
		3A9DD95D1DA8060700338143 /* Youth Group ManagerUITests.xctest */ = {isa = PBXFileReference; explicitFileType = wrapper.cfbundle; includeInIndex = 0; path = "Youth Group ManagerUITests.xctest"; sourceTree = BUILT_PRODUCTS_DIR; };
		3A9DD9611DA8060700338143 /* Youth_Group_ManagerUITests.swift */ = {isa = PBXFileReference; lastKnownFileType = sourcecode.swift; path = Youth_Group_ManagerUITests.swift; sourceTree = "<group>"; };
		3A9DD9631DA8060700338143 /* Info.plist */ = {isa = PBXFileReference; lastKnownFileType = text.plist.xml; path = Info.plist; sourceTree = "<group>"; };
/* End PBXFileReference section */

/* Begin PBXFrameworksBuildPhase section */
		3A9DD9381DA8060600338143 /* Frameworks */ = {
			isa = PBXFrameworksBuildPhase;
			buildActionMask = 2147483647;
			files = (
			);
			runOnlyForDeploymentPostprocessing = 0;
		};
		3A9DD94F1DA8060700338143 /* Frameworks */ = {
			isa = PBXFrameworksBuildPhase;
			buildActionMask = 2147483647;
			files = (
			);
			runOnlyForDeploymentPostprocessing = 0;
		};
		3A9DD95A1DA8060700338143 /* Frameworks */ = {
			isa = PBXFrameworksBuildPhase;
			buildActionMask = 2147483647;
			files = (
			);
			runOnlyForDeploymentPostprocessing = 0;
		};
/* End PBXFrameworksBuildPhase section */

/* Begin PBXGroup section */
		3A9DD9321DA8060600338143 = {
			isa = PBXGroup;
			children = (
				3A9DD93D1DA8060600338143 /* Youth Group Manager */,
				3A9DD9551DA8060700338143 /* Youth Group ManagerTests */,
				3A9DD9601DA8060700338143 /* Youth Group ManagerUITests */,
				3A9DD93C1DA8060600338143 /* Products */,
			);
			sourceTree = "<group>";
		};
		3A9DD93C1DA8060600338143 /* Products */ = {
			isa = PBXGroup;
			children = (
				3A9DD93B1DA8060600338143 /* Youth Group Manager.app */,
				3A9DD9521DA8060700338143 /* Youth Group ManagerTests.xctest */,
				3A9DD95D1DA8060700338143 /* Youth Group ManagerUITests.xctest */,
			);
			name = Products;
			sourceTree = "<group>";
		};
		3A9DD93D1DA8060600338143 /* Youth Group Manager */ = {
			isa = PBXGroup;
			children = (
				3A9DD93E1DA8060600338143 /* AppDelegate.swift */,
				3A9DD9401DA8060600338143 /* ViewController.swift */,
				3A9DD9421DA8060600338143 /* Main.storyboard */,
				3A9DD9481DA8060600338143 /* Assets.xcassets */,
				3A9DD94A1DA8060600338143 /* LaunchScreen.storyboard */,
				3A9DD94D1DA8060600338143 /* Info.plist */,
				3A9DD9451DA8060600338143 /* Youth_Group_Manager.xcdatamodeld */,
			);
			path = "Youth Group Manager";
			sourceTree = "<group>";
		};
		3A9DD9551DA8060700338143 /* Youth Group ManagerTests */ = {
			isa = PBXGroup;
			children = (
				3A9DD9561DA8060700338143 /* Youth_Group_ManagerTests.swift */,
				3A9DD9581DA8060700338143 /* Info.plist */,
			);
			path = "Youth Group ManagerTests";
			sourceTree = "<group>";
		};
		3A9DD9601DA8060700338143 /* Youth Group ManagerUITests */ = {
			isa = PBXGroup;
			children = (
				3A9DD9611DA8060700338143 /* Youth_Group_ManagerUITests.swift */,
				3A9DD9631DA8060700338143 /* Info.plist */,
			);
			path = "Youth Group ManagerUITests";
			sourceTree = "<group>";
		};
/* End PBXGroup section */

/* Begin PBXNativeTarget section */
		3A9DD93A1DA8060600338143 /* Youth Group Manager */ = {
			isa = PBXNativeTarget;
			buildConfigurationList = 3A9DD9661DA8060700338143 /* Build configuration list for PBXNativeTarget "Youth Group Manager" */;
			buildPhases = (
				3A9DD9371DA8060600338143 /* Sources */,
				3A9DD9381DA8060600338143 /* Frameworks */,
				3A9DD9391DA8060600338143 /* Resources */,
			);
			buildRules = (
			);
			dependencies = (
			);
			name = "Youth Group Manager";
			productName = "Youth Group Manager";
			productReference = 3A9DD93B1DA8060600338143 /* Youth Group Manager.app */;
			productType = "com.apple.product-type.application";
		};
		3A9DD9511DA8060700338143 /* Youth Group ManagerTests */ = {
			isa = PBXNativeTarget;
			buildConfigurationList = 3A9DD9691DA8060700338143 /* Build configuration list for PBXNativeTarget "Youth Group ManagerTests" */;
			buildPhases = (
				3A9DD94E1DA8060700338143 /* Sources */,
				3A9DD94F1DA8060700338143 /* Frameworks */,
				3A9DD9501DA8060700338143 /* Resources */,
			);
			buildRules = (
			);
			dependencies = (
				3A9DD9541DA8060700338143 /* PBXTargetDependency */,
			);
			name = "Youth Group ManagerTests";
			productName = "Youth Group ManagerTests";
			productReference = 3A9DD9521DA8060700338143 /* Youth Group ManagerTests.xctest */;
			productType = "com.apple.product-type.bundle.unit-test";
		};
		3A9DD95C1DA8060700338143 /* Youth Group ManagerUITests */ = {
			isa = PBXNativeTarget;
			buildConfigurationList = 3A9DD96C1DA8060700338143 /* Build configuration list for PBXNativeTarget "Youth Group ManagerUITests" */;
			buildPhases = (
				3A9DD9591DA8060700338143 /* Sources */,
				3A9DD95A1DA8060700338143 /* Frameworks */,
				3A9DD95B1DA8060700338143 /* Resources */,
			);
			buildRules = (
			);
			dependencies = (
				3A9DD95F1DA8060700338143 /* PBXTargetDependency */,
			);
			name = "Youth Group ManagerUITests";
			productName = "Youth Group ManagerUITests";
			productReference = 3A9DD95D1DA8060700338143 /* Youth Group ManagerUITests.xctest */;
			productType = "com.apple.product-type.bundle.ui-testing";
		};
/* End PBXNativeTarget section */

/* Begin PBXProject section */
		3A9DD9331DA8060600338143 /* Project object */ = {
			isa = PBXProject;
			attributes = {
				LastSwiftUpdateCheck = 0800;
				LastUpgradeCheck = 0800;
				ORGANIZATIONNAME = "Tornado Alley Software";
				TargetAttributes = {
					3A9DD93A1DA8060600338143 = {
						CreatedOnToolsVersion = 8.0;
						ProvisioningStyle = Automatic;
					};
					3A9DD9511DA8060700338143 = {
						CreatedOnToolsVersion = 8.0;
						ProvisioningStyle = Automatic;
						TestTargetID = 3A9DD93A1DA8060600338143;
					};
					3A9DD95C1DA8060700338143 = {
						CreatedOnToolsVersion = 8.0;
						ProvisioningStyle = Automatic;
						TestTargetID = 3A9DD93A1DA8060600338143;
					};
				};
			};
			buildConfigurationList = 3A9DD9361DA8060600338143 /* Build configuration list for PBXProject "Youth Group Manager" */;
			compatibilityVersion = "Xcode 3.2";
			developmentRegion = English;
			hasScannedForEncodings = 0;
			knownRegions = (
				en,
				Base,
			);
			mainGroup = 3A9DD9321DA8060600338143;
			productRefGroup = 3A9DD93C1DA8060600338143 /* Products */;
			projectDirPath = "";
			projectRoot = "";
			targets = (
				3A9DD93A1DA8060600338143 /* Youth Group Manager */,
				3A9DD9511DA8060700338143 /* Youth Group ManagerTests */,
				3A9DD95C1DA8060700338143 /* Youth Group ManagerUITests */,
			);
		};
/* End PBXProject section */

/* Begin PBXResourcesBuildPhase section */
		3A9DD9391DA8060600338143 /* Resources */ = {
			isa = PBXResourcesBuildPhase;
			buildActionMask = 2147483647;
			files = (
				3A9DD94C1DA8060600338143 /* LaunchScreen.storyboard in Resources */,
				3A9DD9491DA8060600338143 /* Assets.xcassets in Resources */,
				3A9DD9441DA8060600338143 /* Main.storyboard in Resources */,
			);
			runOnlyForDeploymentPostprocessing = 0;
		};
		3A9DD9501DA8060700338143 /* Resources */ = {
			isa = PBXResourcesBuildPhase;
			buildActionMask = 2147483647;
			files = (
			);
			runOnlyForDeploymentPostprocessing = 0;
		};
		3A9DD95B1DA8060700338143 /* Resources */ = {
			isa = PBXResourcesBuildPhase;
			buildActionMask = 2147483647;
			files = (
			);
			runOnlyForDeploymentPostprocessing = 0;
		};
/* End PBXResourcesBuildPhase section */

/* Begin PBXSourcesBuildPhase section */
		3A9DD9371DA8060600338143 /* Sources */ = {
			isa = PBXSourcesBuildPhase;
			buildActionMask = 2147483647;
			files = (
				3A9DD9471DA8060600338143 /* Youth_Group_Manager.xcdatamodeld in Sources */,
				3A9DD9411DA8060600338143 /* ViewController.swift in Sources */,
				3A9DD93F1DA8060600338143 /* AppDelegate.swift in Sources */,
			);
			runOnlyForDeploymentPostprocessing = 0;
		};
		3A9DD94E1DA8060700338143 /* Sources */ = {
			isa = PBXSourcesBuildPhase;
			buildActionMask = 2147483647;
			files = (
				3A9DD9571DA8060700338143 /* Youth_Group_ManagerTests.swift in Sources */,
			);
			runOnlyForDeploymentPostprocessing = 0;
		};
		3A9DD9591DA8060700338143 /* Sources */ = {
			isa = PBXSourcesBuildPhase;
			buildActionMask = 2147483647;
			files = (
				3A9DD9621DA8060700338143 /* Youth_Group_ManagerUITests.swift in Sources */,
			);
			runOnlyForDeploymentPostprocessing = 0;
		};
/* End PBXSourcesBuildPhase section */

/* Begin PBXTargetDependency section */
		3A9DD9541DA8060700338143 /* PBXTargetDependency */ = {
			isa = PBXTargetDependency;
			target = 3A9DD93A1DA8060600338143 /* Youth Group Manager */;
			targetProxy = 3A9DD9531DA8060700338143 /* PBXContainerItemProxy */;
		};
		3A9DD95F1DA8060700338143 /* PBXTargetDependency */ = {
			isa = PBXTargetDependency;
			target = 3A9DD93A1DA8060600338143 /* Youth Group Manager */;
			targetProxy = 3A9DD95E1DA8060700338143 /* PBXContainerItemProxy */;
		};
/* End PBXTargetDependency section */

/* Begin PBXVariantGroup section */
		3A9DD9421DA8060600338143 /* Main.storyboard */ = {
			isa = PBXVariantGroup;
			children = (
				3A9DD9431DA8060600338143 /* Base */,
			);
			name = Main.storyboard;
			sourceTree = "<group>";
		};
		3A9DD94A1DA8060600338143 /* LaunchScreen.storyboard */ = {
			isa = PBXVariantGroup;
			children = (
				3A9DD94B1DA8060600338143 /* Base */,
			);
			name = LaunchScreen.storyboard;
			sourceTree = "<group>";
		};
/* End PBXVariantGroup section */

/* Begin XCBuildConfiguration section */
		3A9DD9641DA8060700338143 /* Debug */ = {
			isa = XCBuildConfiguration;
			buildSettings = {
				ALWAYS_SEARCH_USER_PATHS = NO;
				CLANG_ANALYZER_NONNULL = YES;
				CLANG_CXX_LANGUAGE_STANDARD = "gnu++0x";
				CLANG_CXX_LIBRARY = "libc++";
				CLANG_ENABLE_MODULES = YES;
				CLANG_ENABLE_OBJC_ARC = YES;
				CLANG_WARN_BOOL_CONVERSION = YES;
				CLANG_WARN_CONSTANT_CONVERSION = YES;
				CLANG_WARN_DIRECT_OBJC_ISA_USAGE = YES_ERROR;
				CLANG_WARN_DOCUMENTATION_COMMENTS = YES;
				CLANG_WARN_EMPTY_BODY = YES;
				CLANG_WARN_ENUM_CONVERSION = YES;
				CLANG_WARN_INFINITE_RECURSION = YES;
				CLANG_WARN_INT_CONVERSION = YES;
				CLANG_WARN_OBJC_ROOT_CLASS = YES_ERROR;
				CLANG_WARN_SUSPICIOUS_MOVES = YES;
				CLANG_WARN_UNREACHABLE_CODE = YES;
				CLANG_WARN__DUPLICATE_METHOD_MATCH = YES;
				"CODE_SIGN_IDENTITY[sdk=iphoneos*]" = "iPhone Developer";
				COPY_PHASE_STRIP = NO;
				DEBUG_INFORMATION_FORMAT = dwarf;
				ENABLE_STRICT_OBJC_MSGSEND = YES;
				ENABLE_TESTABILITY = YES;
				GCC_C_LANGUAGE_STANDARD = gnu99;
				GCC_DYNAMIC_NO_PIC = NO;
				GCC_NO_COMMON_BLOCKS = YES;
				GCC_OPTIMIZATION_LEVEL = 0;
				GCC_PREPROCESSOR_DEFINITIONS = (
					"DEBUG=1",
					"$(inherited)",
				);
				GCC_WARN_64_TO_32_BIT_CONVERSION = YES;
				GCC_WARN_ABOUT_RETURN_TYPE = YES_ERROR;
				GCC_WARN_UNDECLARED_SELECTOR = YES;
				GCC_WARN_UNINITIALIZED_AUTOS = YES_AGGRESSIVE;
				GCC_WARN_UNUSED_FUNCTION = YES;
				GCC_WARN_UNUSED_VARIABLE = YES;
				IPHONEOS_DEPLOYMENT_TARGET = 10.0;
				MTL_ENABLE_DEBUG_INFO = YES;
				ONLY_ACTIVE_ARCH = YES;
				SDKROOT = iphoneos;
				SWIFT_ACTIVE_COMPILATION_CONDITIONS = DEBUG;
				SWIFT_OPTIMIZATION_LEVEL = "-Onone";
			};
			name = Debug;
		};
		3A9DD9651DA8060700338143 /* Release */ = {
			isa = XCBuildConfiguration;
			buildSettings = {
				ALWAYS_SEARCH_USER_PATHS = NO;
				CLANG_ANALYZER_NONNULL = YES;
				CLANG_CXX_LANGUAGE_STANDARD = "gnu++0x";
				CLANG_CXX_LIBRARY = "libc++";
				CLANG_ENABLE_MODULES = YES;
				CLANG_ENABLE_OBJC_ARC = YES;
				CLANG_WARN_BOOL_CONVERSION = YES;
				CLANG_WARN_CONSTANT_CONVERSION = YES;
				CLANG_WARN_DIRECT_OBJC_ISA_USAGE = YES_ERROR;
				CLANG_WARN_DOCUMENTATION_COMMENTS = YES;
				CLANG_WARN_EMPTY_BODY = YES;
				CLANG_WARN_ENUM_CONVERSION = YES;
				CLANG_WARN_INFINITE_RECURSION = YES;
				CLANG_WARN_INT_CONVERSION = YES;
				CLANG_WARN_OBJC_ROOT_CLASS = YES_ERROR;
				CLANG_WARN_SUSPICIOUS_MOVES = YES;
				CLANG_WARN_UNREACHABLE_CODE = YES;
				CLANG_WARN__DUPLICATE_METHOD_MATCH = YES;
				"CODE_SIGN_IDENTITY[sdk=iphoneos*]" = "iPhone Developer";
				COPY_PHASE_STRIP = NO;
				DEBUG_INFORMATION_FORMAT = "dwarf-with-dsym";
				ENABLE_NS_ASSERTIONS = NO;
				ENABLE_STRICT_OBJC_MSGSEND = YES;
				GCC_C_LANGUAGE_STANDARD = gnu99;
				GCC_NO_COMMON_BLOCKS = YES;
				GCC_WARN_64_TO_32_BIT_CONVERSION = YES;
				GCC_WARN_ABOUT_RETURN_TYPE = YES_ERROR;
				GCC_WARN_UNDECLARED_SELECTOR = YES;
				GCC_WARN_UNINITIALIZED_AUTOS = YES_AGGRESSIVE;
				GCC_WARN_UNUSED_FUNCTION = YES;
				GCC_WARN_UNUSED_VARIABLE = YES;
				IPHONEOS_DEPLOYMENT_TARGET = 10.0;
				MTL_ENABLE_DEBUG_INFO = NO;
				SDKROOT = iphoneos;
				SWIFT_OPTIMIZATION_LEVEL = "-Owholemodule";
				VALIDATE_PRODUCT = YES;
			};
			name = Release;
		};
		3A9DD9671DA8060700338143 /* Debug */ = {
			isa = XCBuildConfiguration;
			buildSettings = {
				ASSETCATALOG_COMPILER_APPICON_NAME = AppIcon;
				INFOPLIST_FILE = "Youth Group Manager/Info.plist";
				LD_RUNPATH_SEARCH_PATHS = "$(inherited) @executable_path/Frameworks";
				PRODUCT_BUNDLE_IDENTIFIER = "io.tornadoAlley.Youth-Group-Manager";
				PRODUCT_NAME = "$(TARGET_NAME)";
				SWIFT_VERSION = 3.0;
			};
			name = Debug;
		};
		3A9DD9681DA8060700338143 /* Release */ = {
			isa = XCBuildConfiguration;
			buildSettings = {
				ASSETCATALOG_COMPILER_APPICON_NAME = AppIcon;
				INFOPLIST_FILE = "Youth Group Manager/Info.plist";
				LD_RUNPATH_SEARCH_PATHS = "$(inherited) @executable_path/Frameworks";
				PRODUCT_BUNDLE_IDENTIFIER = "io.tornadoAlley.Youth-Group-Manager";
				PRODUCT_NAME = "$(TARGET_NAME)";
				SWIFT_VERSION = 3.0;
			};
			name = Release;
		};
		3A9DD96A1DA8060700338143 /* Debug */ = {
			isa = XCBuildConfiguration;
			buildSettings = {
				ALWAYS_EMBED_SWIFT_STANDARD_LIBRARIES = YES;
				BUNDLE_LOADER = "$(TEST_HOST)";
				INFOPLIST_FILE = "Youth Group ManagerTests/Info.plist";
				LD_RUNPATH_SEARCH_PATHS = "$(inherited) @executable_path/Frameworks @loader_path/Frameworks";
				PRODUCT_BUNDLE_IDENTIFIER = "io.tornadoAlley.Youth-Group-ManagerTests";
				PRODUCT_NAME = "$(TARGET_NAME)";
				SWIFT_VERSION = 3.0;
				TEST_HOST = "$(BUILT_PRODUCTS_DIR)/Youth Group Manager.app/Youth Group Manager";
			};
			name = Debug;
		};
		3A9DD96B1DA8060700338143 /* Release */ = {
			isa = XCBuildConfiguration;
			buildSettings = {
				ALWAYS_EMBED_SWIFT_STANDARD_LIBRARIES = YES;
				BUNDLE_LOADER = "$(TEST_HOST)";
				INFOPLIST_FILE = "Youth Group ManagerTests/Info.plist";
				LD_RUNPATH_SEARCH_PATHS = "$(inherited) @executable_path/Frameworks @loader_path/Frameworks";
				PRODUCT_BUNDLE_IDENTIFIER = "io.tornadoAlley.Youth-Group-ManagerTests";
				PRODUCT_NAME = "$(TARGET_NAME)";
				SWIFT_VERSION = 3.0;
				TEST_HOST = "$(BUILT_PRODUCTS_DIR)/Youth Group Manager.app/Youth Group Manager";
			};
			name = Release;
		};
		3A9DD96D1DA8060700338143 /* Debug */ = {
			isa = XCBuildConfiguration;
			buildSettings = {
				ALWAYS_EMBED_SWIFT_STANDARD_LIBRARIES = YES;
				INFOPLIST_FILE = "Youth Group ManagerUITests/Info.plist";
				LD_RUNPATH_SEARCH_PATHS = "$(inherited) @executable_path/Frameworks @loader_path/Frameworks";
				PRODUCT_BUNDLE_IDENTIFIER = "io.tornadoAlley.Youth-Group-ManagerUITests";
				PRODUCT_NAME = "$(TARGET_NAME)";
				SWIFT_VERSION = 3.0;
				TEST_TARGET_NAME = "Youth Group Manager";
			};
			name = Debug;
		};
		3A9DD96E1DA8060700338143 /* Release */ = {
			isa = XCBuildConfiguration;
			buildSettings = {
				ALWAYS_EMBED_SWIFT_STANDARD_LIBRARIES = YES;
				INFOPLIST_FILE = "Youth Group ManagerUITests/Info.plist";
				LD_RUNPATH_SEARCH_PATHS = "$(inherited) @executable_path/Frameworks @loader_path/Frameworks";
				PRODUCT_BUNDLE_IDENTIFIER = "io.tornadoAlley.Youth-Group-ManagerUITests";
				PRODUCT_NAME = "$(TARGET_NAME)";
				SWIFT_VERSION = 3.0;
				TEST_TARGET_NAME = "Youth Group Manager";
			};
			name = Release;
		};
/* End XCBuildConfiguration section */

/* Begin XCConfigurationList section */
		3A9DD9361DA8060600338143 /* Build configuration list for PBXProject "Youth Group Manager" */ = {
			isa = XCConfigurationList;
			buildConfigurations = (
				3A9DD9641DA8060700338143 /* Debug */,
				3A9DD9651DA8060700338143 /* Release */,
			);
			defaultConfigurationIsVisible = 0;
			defaultConfigurationName = Release;
		};
		3A9DD9661DA8060700338143 /* Build configuration list for PBXNativeTarget "Youth Group Manager" */ = {
			isa = XCConfigurationList;
			buildConfigurations = (
				3A9DD9671DA8060700338143 /* Debug */,
				3A9DD9681DA8060700338143 /* Release */,
			);
			defaultConfigurationIsVisible = 0;
		};
		3A9DD9691DA8060700338143 /* Build configuration list for PBXNativeTarget "Youth Group ManagerTests" */ = {
			isa = XCConfigurationList;
			buildConfigurations = (
				3A9DD96A1DA8060700338143 /* Debug */,
				3A9DD96B1DA8060700338143 /* Release */,
			);
			defaultConfigurationIsVisible = 0;
		};
		3A9DD96C1DA8060700338143 /* Build configuration list for PBXNativeTarget "Youth Group ManagerUITests" */ = {
			isa = XCConfigurationList;
			buildConfigurations = (
				3A9DD96D1DA8060700338143 /* Debug */,
				3A9DD96E1DA8060700338143 /* Release */,
			);
			defaultConfigurationIsVisible = 0;
		};
/* End XCConfigurationList section */

/* Begin XCVersionGroup section */
		3A9DD9451DA8060600338143 /* Youth_Group_Manager.xcdatamodeld */ = {
			isa = XCVersionGroup;
			children = (
				3A9DD9461DA8060600338143 /* Youth_Group_Manager.xcdatamodel */,
			);
			currentVersion = 3A9DD9461DA8060600338143 /* Youth_Group_Manager.xcdatamodel */;
			path = Youth_Group_Manager.xcdatamodeld;
			sourceTree = "<group>";
			versionGroupType = wrapper.xcdatamodel;
		};
/* End XCVersionGroup section */
	};
	rootObject = 3A9DD9331DA8060600338143 /* Project object */;
}
